
Microsoft Visual Studio Solution File, Format Version 12.00
# Visual Studio 15
VisualStudioVersion = 15.0.27703.2026
MinimumVisualStudioVersion = 10.0.40219.1
Project("{FAE04EC0-301F-11D3-BF4B-00C04F79EFBC}") = "PracticaImagenNoviembre", "PracticaImagenNoviembre\PracticaImagenNoviembre.csproj", "{D067B4FF-501B-4BA7-BDF6-0105583EA21B}"
EndProject
Global
	GlobalSection(SolutionConfigurationPlatforms) = preSolution
		Debug|Any CPU = Debug|Any CPU
		Debug|x64 = Debug|x64
		Release|Any CPU = Release|Any CPU
		Release|x64 = Release|x64
	EndGlobalSection
	GlobalSection(ProjectConfigurationPlatforms) = postSolution
		{D067B4FF-501B-4BA7-BDF6-0105583EA21B}.Debug|Any CPU.ActiveCfg = Debug|Any CPU
		{D067B4FF-501B-4BA7-BDF6-0105583EA21B}.Debug|Any CPU.Build.0 = Debug|Any CPU
		{D067B4FF-501B-4BA7-BDF6-0105583EA21B}.Debug|x64.ActiveCfg = Debug|x64
		{D067B4FF-501B-4BA7-BDF6-0105583EA21B}.Debug|x64.Build.0 = Debug|x64
		{D067B4FF-501B-4BA7-BDF6-0105583EA21B}.Release|Any CPU.ActiveCfg = Release|Any CPU
		{D067B4FF-501B-4BA7-BDF6-0105583EA21B}.Release|Any CPU.Build.0 = Release|Any CPU
		{D067B4FF-501B-4BA7-BDF6-0105583EA21B}.Release|x64.ActiveCfg = Release|x64
		{D067B4FF-501B-4BA7-BDF6-0105583EA21B}.Release|x64.Build.0 = Release|x64
	EndGlobalSection
	GlobalSection(SolutionProperties) = preSolution
		HideSolutionNode = FALSE
	EndGlobalSection
	GlobalSection(ExtensibilityGlobals) = postSolution
		SolutionGuid = {24003F47-C0B3-463F-A70E-0F40C94BA2D3}
	EndGlobalSection
EndGlobal
